
Microsoft Visual Studio Solution File, Format Version 12.00
# Visual Studio Version 17
VisualStudioVersion = 17.9.34622.214
MinimumVisualStudioVersion = 10.0.40219.1
Project("{FAE04EC0-301F-11D3-BF4B-00C04F79EFBC}") = "SEBeginner3", "SEBeginner3.csproj", "{F56F49E2-6559-419B-9D19-31168F722BFF}"
EndProject
Global
	GlobalSection(SolutionConfigurationPlatforms) = preSolution
		Debug|Any CPU = Debug|Any CPU
		Release|Any CPU = Release|Any CPU
	EndGlobalSection
	GlobalSection(ProjectConfigurationPlatforms) = postSolution
		{F56F49E2-6559-419B-9D19-31168F722BFF}.Debug|Any CPU.ActiveCfg = Debug|Any CPU
		{F56F49E2-6559-419B-9D19-31168F722BFF}.Debug|Any CPU.Build.0 = Debug|Any CPU
		{F56F49E2-6559-419B-9D19-31168F722BFF}.Release|Any CPU.ActiveCfg = Release|Any CPU
		{F56F49E2-6559-419B-9D19-31168F722BFF}.Release|Any CPU.Build.0 = Release|Any CPU
	EndGlobalSection
	GlobalSection(SolutionProperties) = preSolution
		HideSolutionNode = FALSE
	EndGlobalSection
	GlobalSection(ExtensibilityGlobals) = postSolution
		SolutionGuid = {E53DF0F2-69D3-4AB5-9AE8-26A6B03F4E92}
	EndGlobalSection
EndGlobal
